
Microsoft Visual Studio Solution File, Format Version 12.00
# Visual Studio Version 16
VisualStudioVersion = 16.0.33130.400
MinimumVisualStudioVersion = 10.0.40219.1
Project("{FAE04EC0-301F-11D3-BF4B-00C04F79EFBC}") = "VideojuegoFABD", "VideojuegoFABD\VideojuegoFABD.csproj", "{341F21AC-8E2B-465D-9D56-C7D5A46A65CB}"
EndProject
Global
	GlobalSection(SolutionConfigurationPlatforms) = preSolution
		Debug|Any CPU = Debug|Any CPU
		Release|Any CPU = Release|Any CPU
	EndGlobalSection
	GlobalSection(ProjectConfigurationPlatforms) = postSolution
		{341F21AC-8E2B-465D-9D56-C7D5A46A65CB}.Debug|Any CPU.ActiveCfg = Debug|Any CPU
		{341F21AC-8E2B-465D-9D56-C7D5A46A65CB}.Debug|Any CPU.Build.0 = Debug|Any CPU
		{341F21AC-8E2B-465D-9D56-C7D5A46A65CB}.Release|Any CPU.ActiveCfg = Release|Any CPU
		{341F21AC-8E2B-465D-9D56-C7D5A46A65CB}.Release|Any CPU.Build.0 = Release|Any CPU
	EndGlobalSection
	GlobalSection(SolutionProperties) = preSolution
		HideSolutionNode = FALSE
	EndGlobalSection
	GlobalSection(ExtensibilityGlobals) = postSolution
		SolutionGuid = {37E7E47D-0F94-4B87-B8D3-B8C326BEC38B}
	EndGlobalSection
EndGlobal
